
Microsoft Visual Studio Solution File, Format Version 12.00
# Visual Studio Version 16
VisualStudioVersion = 16.0.31702.278
MinimumVisualStudioVersion = 10.0.40219.1
Project("{FAE04EC0-301F-11D3-BF4B-00C04F79EFBC}") = "ConectorComercialCLI", "ConectorComercialCLI\ConectorComercialCLI.csproj", "{50E6DED4-4AA3-4D03-99E4-EFBCD0492265}"
EndProject
Global
	GlobalSection(SolutionConfigurationPlatforms) = preSolution
		Debug|Any CPU = Debug|Any CPU
		Debug|x86 = Debug|x86
		Release|Any CPU = Release|Any CPU
		Release|x86 = Release|x86
	EndGlobalSection
	GlobalSection(ProjectConfigurationPlatforms) = postSolution
		{50E6DED4-4AA3-4D03-99E4-EFBCD0492265}.Debug|Any CPU.ActiveCfg = Debug|Any CPU
		{50E6DED4-4AA3-4D03-99E4-EFBCD0492265}.Debug|Any CPU.Build.0 = Debug|Any CPU
		{50E6DED4-4AA3-4D03-99E4-EFBCD0492265}.Debug|x86.ActiveCfg = Debug|x86
		{50E6DED4-4AA3-4D03-99E4-EFBCD0492265}.Debug|x86.Build.0 = Debug|x86
		{50E6DED4-4AA3-4D03-99E4-EFBCD0492265}.Release|Any CPU.ActiveCfg = Release|Any CPU
		{50E6DED4-4AA3-4D03-99E4-EFBCD0492265}.Release|Any CPU.Build.0 = Release|Any CPU
		{50E6DED4-4AA3-4D03-99E4-EFBCD0492265}.Release|x86.ActiveCfg = Release|x86
		{50E6DED4-4AA3-4D03-99E4-EFBCD0492265}.Release|x86.Build.0 = Release|x86
	EndGlobalSection
	GlobalSection(SolutionProperties) = preSolution
		HideSolutionNode = FALSE
	EndGlobalSection
	GlobalSection(ExtensibilityGlobals) = postSolution
		SolutionGuid = {DF5440E5-5F43-4163-8846-55EC29186258}
	EndGlobalSection
EndGlobal
